
Microsoft Visual Studio Solution File, Format Version 12.00
# Visual Studio Version 17
VisualStudioVersion = 17.2.32630.192
MinimumVisualStudioVersion = 10.0.40219.1
Project("{FAE04EC0-301F-11D3-BF4B-00C04F79EFBC}") = "WebApplication1", "WebApplication1\WebApplication1.csproj", "{BC5C42C4-E498-4AE7-AF74-46367DAFCBFA}"
EndProject
Global
	GlobalSection(SolutionConfigurationPlatforms) = preSolution
		Debug|Any CPU = Debug|Any CPU
		Release|Any CPU = Release|Any CPU
	EndGlobalSection
	GlobalSection(ProjectConfigurationPlatforms) = postSolution
		{BC5C42C4-E498-4AE7-AF74-46367DAFCBFA}.Debug|Any CPU.ActiveCfg = Debug|Any CPU
		{BC5C42C4-E498-4AE7-AF74-46367DAFCBFA}.Debug|Any CPU.Build.0 = Debug|Any CPU
		{BC5C42C4-E498-4AE7-AF74-46367DAFCBFA}.Release|Any CPU.ActiveCfg = Release|Any CPU
		{BC5C42C4-E498-4AE7-AF74-46367DAFCBFA}.Release|Any CPU.Build.0 = Release|Any CPU
	EndGlobalSection
	GlobalSection(SolutionProperties) = preSolution
		HideSolutionNode = FALSE
	EndGlobalSection
	GlobalSection(ExtensibilityGlobals) = postSolution
		SolutionGuid = {261CB172-4B1E-4267-ACDB-B64AD4CD035F}
	EndGlobalSection
EndGlobal
